
Microsoft Visual Studio Solution File, Format Version 12.00
# Visual Studio Version 16
VisualStudioVersion = 16.0.32228.343
MinimumVisualStudioVersion = 10.0.40219.1
Project("{9A19103F-16F7-4668-BE54-9A1E7A4F7556}") = "Clinic.Web", "Clinic.Web\Clinic.Web.csproj", "{89163548-0897-42B1-BE5C-55556CFC2635}"
EndProject
Project("{9A19103F-16F7-4668-BE54-9A1E7A4F7556}") = "Clinic.Infrastructure", "Clinic.Infrastructure\Clinic.Infrastructure.csproj", "{0CDC0913-EA22-403D-A1F8-235EA5BAD643}"
EndProject
Project("{9A19103F-16F7-4668-BE54-9A1E7A4F7556}") = "Clinic.Core", "Clinic.Core\Clinic.Core.csproj", "{537940E0-9FEC-4EBE-A480-CEBC3E9EC3F1}"
EndProject
Project("{FAE04EC0-301F-11D3-BF4B-00C04F79EFBC}") = "Clinic.Shared", "Clinic.Shared\Clinic.Shared.csproj", "{49890D32-8396-414E-81D7-48B142E381E8}"
EndProject
Global
	GlobalSection(SolutionConfigurationPlatforms) = preSolution
		Debug|Any CPU = Debug|Any CPU
		Release|Any CPU = Release|Any CPU
	EndGlobalSection
	GlobalSection(ProjectConfigurationPlatforms) = postSolution
		{89163548-0897-42B1-BE5C-55556CFC2635}.Debug|Any CPU.ActiveCfg = Debug|Any CPU
		{89163548-0897-42B1-BE5C-55556CFC2635}.Debug|Any CPU.Build.0 = Debug|Any CPU
		{89163548-0897-42B1-BE5C-55556CFC2635}.Release|Any CPU.ActiveCfg = Release|Any CPU
		{89163548-0897-42B1-BE5C-55556CFC2635}.Release|Any CPU.Build.0 = Release|Any CPU
		{0CDC0913-EA22-403D-A1F8-235EA5BAD643}.Debug|Any CPU.ActiveCfg = Debug|Any CPU
		{0CDC0913-EA22-403D-A1F8-235EA5BAD643}.Debug|Any CPU.Build.0 = Debug|Any CPU
		{0CDC0913-EA22-403D-A1F8-235EA5BAD643}.Release|Any CPU.ActiveCfg = Release|Any CPU
		{0CDC0913-EA22-403D-A1F8-235EA5BAD643}.Release|Any CPU.Build.0 = Release|Any CPU
		{537940E0-9FEC-4EBE-A480-CEBC3E9EC3F1}.Debug|Any CPU.ActiveCfg = Debug|Any CPU
		{537940E0-9FEC-4EBE-A480-CEBC3E9EC3F1}.Debug|Any CPU.Build.0 = Debug|Any CPU
		{537940E0-9FEC-4EBE-A480-CEBC3E9EC3F1}.Release|Any CPU.ActiveCfg = Release|Any CPU
		{537940E0-9FEC-4EBE-A480-CEBC3E9EC3F1}.Release|Any CPU.Build.0 = Release|Any CPU
		{49890D32-8396-414E-81D7-48B142E381E8}.Debug|Any CPU.ActiveCfg = Debug|Any CPU
		{49890D32-8396-414E-81D7-48B142E381E8}.Debug|Any CPU.Build.0 = Debug|Any CPU
		{49890D32-8396-414E-81D7-48B142E381E8}.Release|Any CPU.ActiveCfg = Release|Any CPU
		{49890D32-8396-414E-81D7-48B142E381E8}.Release|Any CPU.Build.0 = Release|Any CPU
	EndGlobalSection
	GlobalSection(SolutionProperties) = preSolution
		HideSolutionNode = FALSE
	EndGlobalSection
	GlobalSection(ExtensibilityGlobals) = postSolution
		SolutionGuid = {FE257DC9-63DC-4F5D-9B4F-1A7E1ADD7D40}
	EndGlobalSection
EndGlobal
